
Microsoft Visual Studio Solution File, Format Version 12.00
# Visual Studio Version 17
VisualStudioVersion = 17.0.31903.59
MinimumVisualStudioVersion = 10.0.40219.1
Project("{FAE04EC0-301F-11D3-BF4B-00C04F79EFBC}") = "VejrudsigtenProgrammering", "VejrudsigtenProgrammering\VejrudsigtenProgrammering.csproj", "{9BF6B34F-488D-4B03-B3FB-152B4ADADD61}"
EndProject
Global
	GlobalSection(SolutionConfigurationPlatforms) = preSolution
		Debug|Any CPU = Debug|Any CPU
		Release|Any CPU = Release|Any CPU
	EndGlobalSection
	GlobalSection(ProjectConfigurationPlatforms) = postSolution
		{9BF6B34F-488D-4B03-B3FB-152B4ADADD61}.Debug|Any CPU.ActiveCfg = Debug|Any CPU
		{9BF6B34F-488D-4B03-B3FB-152B4ADADD61}.Debug|Any CPU.Build.0 = Debug|Any CPU
		{9BF6B34F-488D-4B03-B3FB-152B4ADADD61}.Release|Any CPU.ActiveCfg = Release|Any CPU
		{9BF6B34F-488D-4B03-B3FB-152B4ADADD61}.Release|Any CPU.Build.0 = Release|Any CPU
	EndGlobalSection
	GlobalSection(SolutionProperties) = preSolution
		HideSolutionNode = FALSE
	EndGlobalSection
	GlobalSection(ExtensibilityGlobals) = postSolution
		SolutionGuid = {47E1AF38-760E-4A02-AC78-569787BB57E7}
	EndGlobalSection
EndGlobal
